{
  "format_version": "1.2",
  "terraform_version": "1.9.6",
  "planned_values": {
    "root_module": {
      "resources": [
        {
          "address": "aws_security_group.server_sg",
          "mode": "managed",
          "type": "aws_security_group",
          "name": "server_sg",
          "provider_name": "registry.terraform.io/hashicorp/aws",
          "schema_version": 1,
          "values": {
            "description": "Server SG",
            "name": "Server SG",
            "revoke_rules_on_delete": false,
            "tags": null,
            "timeouts": null
          },
          "sensitive_values": {
            "egress": [],
            "ingress": [],
            "tags_all": {}
          }
        },
        {
          "address": "aws_vpc_security_group_ingress_rule.http_access",
          "mode": "managed",
          "type": "aws_vpc_security_group_ingress_rule",
          "name": "http_access",
          "provider_name": "registry.terraform.io/hashicorp/aws",
          "schema_version": 0,
          "values": {
            "cidr_ipv4": "0.0.0.0/0",
            "cidr_ipv6": null,
            "description": null,
            "from_port": 80,
            "ip_protocol": "tcp",
            "prefix_list_id": null,
            "referenced_security_group_id": null,
            "tags": null,
            "tags_all": {},
            "to_port": 80
          },
          "sensitive_values": {
            "tags_all": {}
          }
        }
      ]
    }
  },
  "resource_changes": [
    {
      "address": "aws_security_group.server_sg",
      "mode": "managed",
      "type": "aws_security_group",
      "name": "server_sg",
      "provider_name": "registry.terraform.io/hashicorp/aws",
      "change": {
        "actions": [
          "create"
        ],
        "before": null,
        "after": {
          "description": "Server SG",
          "name": "Server SG",
          "revoke_rules_on_delete": false,
          "tags": null,
          "timeouts": null
        },
        "after_unknown": {
          "arn": true,
          "egress": true,
          "id": true,
          "ingress": true,
          "name_prefix": true,
          "owner_id": true,
          "tags_all": true,
          "vpc_id": true
        },
        "before_sensitive": false,
        "after_sensitive": {
          "egress": [],
          "ingress": [],
          "tags_all": {}
        }
      }
    },
    {
      "address": "aws_vpc_security_group_ingress_rule.http_access",
      "mode": "managed",
      "type": "aws_vpc_security_group_ingress_rule",
      "name": "http_access",
      "provider_name": "registry.terraform.io/hashicorp/aws",
      "change": {
        "actions": [
          "create"
        ],
        "before": null,
        "after": {
          "cidr_ipv4": "0.0.0.0/0",
          "cidr_ipv6": null,
          "description": null,
          "from_port": 80,
          "ip_protocol": "tcp",
          "prefix_list_id": null,
          "referenced_security_group_id": null,
          "tags": null,
          "tags_all": {},
          "to_port": 80
        },
        "after_unknown": {
          "arn": true,
          "id": true,
          "security_group_id": true,
          "security_group_rule_id": true,
          "tags_all": {}
        },
        "before_sensitive": false,
        "after_sensitive": {
          "tags_all": {}
        }
      }
    }
  ],
  "configuration": {
    "provider_config": {
      "aws": {
        "name": "aws",
        "full_name": "registry.terraform.io/hashicorp/aws",
        "version_constraint": "5.69.0",
        "expressions": {
          "region": {
            "constant_value": "us-east-1"
          }
        }
      }
    },
    "root_module": {
      "resources": [
        {
          "address": "aws_security_group.server_sg",
          "mode": "managed",
          "type": "aws_security_group",
          "name": "server_sg",
          "provider_config_key": "aws",
          "expressions": {
            "description": {
              "constant_value": "Server SG"
            },
            "name": {
              "constant_value": "Server SG"
            }
          },
          "schema_version": 1
        },
        {
          "address": "aws_vpc_security_group_ingress_rule.http_access",
          "mode": "managed",
          "type": "aws_vpc_security_group_ingress_rule",
          "name": "http_access",
          "provider_config_key": "aws",
          "expressions": {
            "cidr_ipv4": {
              "constant_value": "0.0.0.0/0"
            },
            "from_port": {
              "constant_value": 80
            },
            "ip_protocol": {
              "constant_value": "tcp"
            },
            "security_group_id": {
              "references": [
                "aws_security_group.server_sg.id",
                "aws_security_group.server_sg"
              ]
            },
            "to_port": {
              "constant_value": 80
            }
          },
          "schema_version": 0
        }
      ]
    }
  },
  "relevant_attributes": [
    {
      "resource": "aws_security_group.server_sg",
      "attribute": [
        "id"
      ]
    }
  ],
  "timestamp": "2024-09-29T11:07:52Z",
  "applyable": true,
  "complete": true,
  "errored": false
}
