{
  "format_version": "1.2",
  "terraform_version": "1.9.6",
  "variables": {
    "instance_names": {
      "value": [
        "instancia1",
        "instancia2",
        "instancia_extra"
      ]
    }
  },
  "planned_values": {
    "root_module": {
      "child_modules": [
        {
          "resources": [
            {
              "address": "module.instances.aws_instance.instances[\"0\"]",
              "mode": "managed",
              "type": "aws_instance",
              "name": "instances",
              "index": "0",
              "provider_name": "registry.terraform.io/hashicorp/aws",
              "schema_version": 1,
              "values": {
                "ami": "ami-0ebfd941bbafe70c6",
                "credit_specification": [],
                "get_password_data": false,
                "hibernation": null,
                "instance_type": "t2.micro",
                "launch_template": [],
                "source_dest_check": true,
                "tags": {
                  "Name": "pedro-instancia1"
                },
                "tags_all": {
                  "Name": "pedro-instancia1"
                },
                "timeouts": null,
                "user_data_replace_on_change": false,
                "volume_tags": null
              },
              "sensitive_values": {
                "capacity_reservation_specification": [],
                "cpu_options": [],
                "credit_specification": [],
                "ebs_block_device": [],
                "enclave_options": [],
                "ephemeral_block_device": [],
                "instance_market_options": [],
                "ipv6_addresses": [],
                "launch_template": [],
                "maintenance_options": [],
                "metadata_options": [],
                "network_interface": [],
                "private_dns_name_options": [],
                "root_block_device": [],
                "secondary_private_ips": [],
                "security_groups": [],
                "tags": {},
                "tags_all": {},
                "vpc_security_group_ids": []
              }
            },
            {
              "address": "module.instances.aws_instance.instances[\"1\"]",
              "mode": "managed",
              "type": "aws_instance",
              "name": "instances",
              "index": "1",
              "provider_name": "registry.terraform.io/hashicorp/aws",
              "schema_version": 1,
              "values": {
                "ami": "ami-0ebfd941bbafe70c6",
                "credit_specification": [],
                "get_password_data": false,
                "hibernation": null,
                "instance_type": "t2.micro",
                "launch_template": [],
                "source_dest_check": true,
                "tags": {
                  "Name": "pedro-instancia2"
                },
                "tags_all": {
                  "Name": "pedro-instancia2"
                },
                "timeouts": null,
                "user_data_replace_on_change": false,
                "volume_tags": null
              },
              "sensitive_values": {
                "capacity_reservation_specification": [],
                "cpu_options": [],
                "credit_specification": [],
                "ebs_block_device": [],
                "enclave_options": [],
                "ephemeral_block_device": [],
                "instance_market_options": [],
                "ipv6_addresses": [],
                "launch_template": [],
                "maintenance_options": [],
                "metadata_options": [],
                "network_interface": [],
                "private_dns_name_options": [],
                "root_block_device": [],
                "secondary_private_ips": [],
                "security_groups": [],
                "tags": {},
                "tags_all": {},
                "vpc_security_group_ids": []
              }
            },
            {
              "address": "module.instances.aws_instance.instances[\"2\"]",
              "mode": "managed",
              "type": "aws_instance",
              "name": "instances",
              "index": "2",
              "provider_name": "registry.terraform.io/hashicorp/aws",
              "schema_version": 1,
              "values": {
                "ami": "ami-0ebfd941bbafe70c6",
                "credit_specification": [],
                "get_password_data": false,
                "hibernation": null,
                "instance_type": "t2.micro",
                "launch_template": [],
                "source_dest_check": true,
                "tags": {
                  "Name": "pedro-instancia_extra"
                },
                "tags_all": {
                  "Name": "pedro-instancia_extra"
                },
                "timeouts": null,
                "user_data_replace_on_change": false,
                "volume_tags": null
              },
              "sensitive_values": {
                "capacity_reservation_specification": [],
                "cpu_options": [],
                "credit_specification": [],
                "ebs_block_device": [],
                "enclave_options": [],
                "ephemeral_block_device": [],
                "instance_market_options": [],
                "ipv6_addresses": [],
                "launch_template": [],
                "maintenance_options": [],
                "metadata_options": [],
                "network_interface": [],
                "private_dns_name_options": [],
                "root_block_device": [],
                "secondary_private_ips": [],
                "security_groups": [],
                "tags": {},
                "tags_all": {},
                "vpc_security_group_ids": []
              }
            }
          ],
          "address": "module.instances"
        }
      ]
    }
  },
  "resource_changes": [
    {
      "address": "module.instances.aws_instance.instances[\"0\"]",
      "module_address": "module.instances",
      "mode": "managed",
      "type": "aws_instance",
      "name": "instances",
      "index": "0",
      "provider_name": "registry.terraform.io/hashicorp/aws",
      "change": {
        "actions": [
          "create"
        ],
        "before": null,
        "after": {
          "ami": "ami-0ebfd941bbafe70c6",
          "credit_specification": [],
          "get_password_data": false,
          "hibernation": null,
          "instance_type": "t2.micro",
          "launch_template": [],
          "source_dest_check": true,
          "tags": {
            "Name": "pedro-instancia1"
          },
          "tags_all": {
            "Name": "pedro-instancia1"
          },
          "timeouts": null,
          "user_data_replace_on_change": false,
          "volume_tags": null
        },
        "after_unknown": {
          "arn": true,
          "associate_public_ip_address": true,
          "availability_zone": true,
          "capacity_reservation_specification": true,
          "cpu_core_count": true,
          "cpu_options": true,
          "cpu_threads_per_core": true,
          "credit_specification": [],
          "disable_api_stop": true,
          "disable_api_termination": true,
          "ebs_block_device": true,
          "ebs_optimized": true,
          "enclave_options": true,
          "ephemeral_block_device": true,
          "host_id": true,
          "host_resource_group_arn": true,
          "iam_instance_profile": true,
          "id": true,
          "instance_initiated_shutdown_behavior": true,
          "instance_lifecycle": true,
          "instance_market_options": true,
          "instance_state": true,
          "ipv6_address_count": true,
          "ipv6_addresses": true,
          "key_name": true,
          "launch_template": [],
          "maintenance_options": true,
          "metadata_options": true,
          "monitoring": true,
          "network_interface": true,
          "outpost_arn": true,
          "password_data": true,
          "placement_group": true,
          "placement_partition_number": true,
          "primary_network_interface_id": true,
          "private_dns": true,
          "private_dns_name_options": true,
          "private_ip": true,
          "public_dns": true,
          "public_ip": true,
          "root_block_device": true,
          "secondary_private_ips": true,
          "security_groups": true,
          "spot_instance_request_id": true,
          "subnet_id": true,
          "tags": {},
          "tags_all": {},
          "tenancy": true,
          "user_data": true,
          "user_data_base64": true,
          "vpc_security_group_ids": true
        },
        "before_sensitive": false,
        "after_sensitive": {
          "capacity_reservation_specification": [],
          "cpu_options": [],
          "credit_specification": [],
          "ebs_block_device": [],
          "enclave_options": [],
          "ephemeral_block_device": [],
          "instance_market_options": [],
          "ipv6_addresses": [],
          "launch_template": [],
          "maintenance_options": [],
          "metadata_options": [],
          "network_interface": [],
          "private_dns_name_options": [],
          "root_block_device": [],
          "secondary_private_ips": [],
          "security_groups": [],
          "tags": {},
          "tags_all": {},
          "vpc_security_group_ids": []
        }
      }
    },
    {
      "address": "module.instances.aws_instance.instances[\"1\"]",
      "module_address": "module.instances",
      "mode": "managed",
      "type": "aws_instance",
      "name": "instances",
      "index": "1",
      "provider_name": "registry.terraform.io/hashicorp/aws",
      "change": {
        "actions": [
          "create"
        ],
        "before": null,
        "after": {
          "ami": "ami-0ebfd941bbafe70c6",
          "credit_specification": [],
          "get_password_data": false,
          "hibernation": null,
          "instance_type": "t2.micro",
          "launch_template": [],
          "source_dest_check": true,
          "tags": {
            "Name": "pedro-instancia2"
          },
          "tags_all": {
            "Name": "pedro-instancia2"
          },
          "timeouts": null,
          "user_data_replace_on_change": false,
          "volume_tags": null
        },
        "after_unknown": {
          "arn": true,
          "associate_public_ip_address": true,
          "availability_zone": true,
          "capacity_reservation_specification": true,
          "cpu_core_count": true,
          "cpu_options": true,
          "cpu_threads_per_core": true,
          "credit_specification": [],
          "disable_api_stop": true,
          "disable_api_termination": true,
          "ebs_block_device": true,
          "ebs_optimized": true,
          "enclave_options": true,
          "ephemeral_block_device": true,
          "host_id": true,
          "host_resource_group_arn": true,
          "iam_instance_profile": true,
          "id": true,
          "instance_initiated_shutdown_behavior": true,
          "instance_lifecycle": true,
          "instance_market_options": true,
          "instance_state": true,
          "ipv6_address_count": true,
          "ipv6_addresses": true,
          "key_name": true,
          "launch_template": [],
          "maintenance_options": true,
          "metadata_options": true,
          "monitoring": true,
          "network_interface": true,
          "outpost_arn": true,
          "password_data": true,
          "placement_group": true,
          "placement_partition_number": true,
          "primary_network_interface_id": true,
          "private_dns": true,
          "private_dns_name_options": true,
          "private_ip": true,
          "public_dns": true,
          "public_ip": true,
          "root_block_device": true,
          "secondary_private_ips": true,
          "security_groups": true,
          "spot_instance_request_id": true,
          "subnet_id": true,
          "tags": {},
          "tags_all": {},
          "tenancy": true,
          "user_data": true,
          "user_data_base64": true,
          "vpc_security_group_ids": true
        },
        "before_sensitive": false,
        "after_sensitive": {
          "capacity_reservation_specification": [],
          "cpu_options": [],
          "credit_specification": [],
          "ebs_block_device": [],
          "enclave_options": [],
          "ephemeral_block_device": [],
          "instance_market_options": [],
          "ipv6_addresses": [],
          "launch_template": [],
          "maintenance_options": [],
          "metadata_options": [],
          "network_interface": [],
          "private_dns_name_options": [],
          "root_block_device": [],
          "secondary_private_ips": [],
          "security_groups": [],
          "tags": {},
          "tags_all": {},
          "vpc_security_group_ids": []
        }
      }
    },
    {
      "address": "module.instances.aws_instance.instances[\"2\"]",
      "module_address": "module.instances",
      "mode": "managed",
      "type": "aws_instance",
      "name": "instances",
      "index": "2",
      "provider_name": "registry.terraform.io/hashicorp/aws",
      "change": {
        "actions": [
          "create"
        ],
        "before": null,
        "after": {
          "ami": "ami-0ebfd941bbafe70c6",
          "credit_specification": [],
          "get_password_data": false,
          "hibernation": null,
          "instance_type": "t2.micro",
          "launch_template": [],
          "source_dest_check": true,
          "tags": {
            "Name": "pedro-instancia_extra"
          },
          "tags_all": {
            "Name": "pedro-instancia_extra"
          },
          "timeouts": null,
          "user_data_replace_on_change": false,
          "volume_tags": null
        },
        "after_unknown": {
          "arn": true,
          "associate_public_ip_address": true,
          "availability_zone": true,
          "capacity_reservation_specification": true,
          "cpu_core_count": true,
          "cpu_options": true,
          "cpu_threads_per_core": true,
          "credit_specification": [],
          "disable_api_stop": true,
          "disable_api_termination": true,
          "ebs_block_device": true,
          "ebs_optimized": true,
          "enclave_options": true,
          "ephemeral_block_device": true,
          "host_id": true,
          "host_resource_group_arn": true,
          "iam_instance_profile": true,
          "id": true,
          "instance_initiated_shutdown_behavior": true,
          "instance_lifecycle": true,
          "instance_market_options": true,
          "instance_state": true,
          "ipv6_address_count": true,
          "ipv6_addresses": true,
          "key_name": true,
          "launch_template": [],
          "maintenance_options": true,
          "metadata_options": true,
          "monitoring": true,
          "network_interface": true,
          "outpost_arn": true,
          "password_data": true,
          "placement_group": true,
          "placement_partition_number": true,
          "primary_network_interface_id": true,
          "private_dns": true,
          "private_dns_name_options": true,
          "private_ip": true,
          "public_dns": true,
          "public_ip": true,
          "root_block_device": true,
          "secondary_private_ips": true,
          "security_groups": true,
          "spot_instance_request_id": true,
          "subnet_id": true,
          "tags": {},
          "tags_all": {},
          "tenancy": true,
          "user_data": true,
          "user_data_base64": true,
          "vpc_security_group_ids": true
        },
        "before_sensitive": false,
        "after_sensitive": {
          "capacity_reservation_specification": [],
          "cpu_options": [],
          "credit_specification": [],
          "ebs_block_device": [],
          "enclave_options": [],
          "ephemeral_block_device": [],
          "instance_market_options": [],
          "ipv6_addresses": [],
          "launch_template": [],
          "maintenance_options": [],
          "metadata_options": [],
          "network_interface": [],
          "private_dns_name_options": [],
          "root_block_device": [],
          "secondary_private_ips": [],
          "security_groups": [],
          "tags": {},
          "tags_all": {},
          "vpc_security_group_ids": []
        }
      }
    }
  ],
  "configuration": {
    "provider_config": {
      "aws": {
        "name": "aws",
        "full_name": "registry.terraform.io/hashicorp/aws",
        "version_constraint": "5.68.0",
        "expressions": {
          "region": {
            "constant_value": "us-east-1"
          }
        }
      }
    },
    "root_module": {
      "module_calls": {
        "instances": {
          "source": "./instances",
          "expressions": {
            "instance_names": {
              "references": [
                "var.instance_names"
              ]
            }
          },
          "module": {
            "resources": [
              {
                "address": "aws_instance.instances",
                "mode": "managed",
                "type": "aws_instance",
                "name": "instances",
                "provider_config_key": "aws",
                "expressions": {
                  "ami": {
                    "constant_value": "ami-0ebfd941bbafe70c6"
                  },
                  "instance_type": {
                    "constant_value": "t2.micro"
                  },
                  "tags": {
                    "references": [
                      "each.value"
                    ]
                  }
                },
                "schema_version": 1,
                "for_each_expression": {
                  "references": [
                    "var.instance_names"
                  ]
                }
              }
            ],
            "variables": {
              "instance_names": {
                "description": "Nombres de las instancias a crear"
              }
            }
          }
        }
      },
      "variables": {
        "instance_names": {
          "default": [
            "instancia1",
            "instancia2",
            "instancia_extra"
          ],
          "description": "Nombres de las instancias a crear"
        }
      }
    }
  },
  "timestamp": "2024-10-01T17:38:31Z",
  "applyable": true,
  "complete": true,
  "errored": false
}
